
Microsoft Visual Studio Solution File, Format Version 12.00
# Visual Studio Version 16
VisualStudioVersion = 16.0.30011.22
MinimumVisualStudioVersion = 10.0.40219.1
Project("{FAE04EC0-301F-11D3-BF4B-00C04F79EFBC}") = "TCPIPDemo", "TCPIPDemo\TCPIPDemo.csproj", "{2254301E-7BFB-4BD1-931D-B39E951B8B8E}"
EndProject
Project("{FAE04EC0-301F-11D3-BF4B-00C04F79EFBC}") = "Client", "Client\Client.csproj", "{10F72165-EF4D-4EB5-BC03-3B6F6426BCB0}"
EndProject
Global
	GlobalSection(SolutionConfigurationPlatforms) = preSolution
		Debug|Any CPU = Debug|Any CPU
		Release|Any CPU = Release|Any CPU
	EndGlobalSection
	GlobalSection(ProjectConfigurationPlatforms) = postSolution
		{2254301E-7BFB-4BD1-931D-B39E951B8B8E}.Debug|Any CPU.ActiveCfg = Debug|Any CPU
		{2254301E-7BFB-4BD1-931D-B39E951B8B8E}.Debug|Any CPU.Build.0 = Debug|Any CPU
		{2254301E-7BFB-4BD1-931D-B39E951B8B8E}.Release|Any CPU.ActiveCfg = Release|Any CPU
		{2254301E-7BFB-4BD1-931D-B39E951B8B8E}.Release|Any CPU.Build.0 = Release|Any CPU
		{10F72165-EF4D-4EB5-BC03-3B6F6426BCB0}.Debug|Any CPU.ActiveCfg = Debug|Any CPU
		{10F72165-EF4D-4EB5-BC03-3B6F6426BCB0}.Debug|Any CPU.Build.0 = Debug|Any CPU
		{10F72165-EF4D-4EB5-BC03-3B6F6426BCB0}.Release|Any CPU.ActiveCfg = Release|Any CPU
		{10F72165-EF4D-4EB5-BC03-3B6F6426BCB0}.Release|Any CPU.Build.0 = Release|Any CPU
	EndGlobalSection
	GlobalSection(SolutionProperties) = preSolution
		HideSolutionNode = FALSE
	EndGlobalSection
	GlobalSection(ExtensibilityGlobals) = postSolution
		SolutionGuid = {818CC445-95DC-4796-8A95-65F97BF8E898}
	EndGlobalSection
EndGlobal
